
Microsoft Visual Studio Solution File, Format Version 12.00
# Visual Studio Version 17
VisualStudioVersion = 17.0.32014.148
MinimumVisualStudioVersion = 10.0.40219.1
Project("{FAE04EC0-301F-11D3-BF4B-00C04F79EFBC}") = "Psinder", "Psinder\Psinder.csproj", "{31AC779A-DB1B-4FC1-94D7-A440E818EBCC}"
EndProject
Global
	GlobalSection(SolutionConfigurationPlatforms) = preSolution
		Debug|Any CPU = Debug|Any CPU
		Release|Any CPU = Release|Any CPU
	EndGlobalSection
	GlobalSection(ProjectConfigurationPlatforms) = postSolution
		{31AC779A-DB1B-4FC1-94D7-A440E818EBCC}.Debug|Any CPU.ActiveCfg = Debug|Any CPU
		{31AC779A-DB1B-4FC1-94D7-A440E818EBCC}.Debug|Any CPU.Build.0 = Debug|Any CPU
		{31AC779A-DB1B-4FC1-94D7-A440E818EBCC}.Release|Any CPU.ActiveCfg = Release|Any CPU
		{31AC779A-DB1B-4FC1-94D7-A440E818EBCC}.Release|Any CPU.Build.0 = Release|Any CPU
	EndGlobalSection
	GlobalSection(SolutionProperties) = preSolution
		HideSolutionNode = FALSE
	EndGlobalSection
	GlobalSection(ExtensibilityGlobals) = postSolution
		SolutionGuid = {204D786F-5EF3-4DB7-8887-FD320C3988B5}
	EndGlobalSection
EndGlobal
